PODS:
  - Flutter (1.0.0)
  - flutter_midi_command_darwin (1.0.0):
    - Flutter
    - FlutterMacOS
  - flutter_native_splash (2.4.3):
    - Flutter

DEPENDENCIES:
  - Flutter (from `Flutter`)
  - flutter_midi_command_darwin (from `.symlinks/plugins/flutter_midi_command_darwin/darwin`)
  - flutter_native_splash (from `.symlinks/plugins/flutter_native_splash/ios`)

EXTERNAL SOURCES:
  Flutter:
    :path: Flutter
  flutter_midi_command_darwin:
    :path: ".symlinks/plugins/flutter_midi_command_darwin/darwin"
  flutter_native_splash:
    :path: ".symlinks/plugins/flutter_native_splash/ios"

SPEC CHECKSUMS:
  Flutter: cabc95a1d2626b1b06e7179b784ebcf0c0cde467
  flutter_midi_command_darwin: 6afc0c0eb03f1a60a8a1704240e3bcfe68b76a51
  flutter_native_splash: c32d145d68aeda5502d5f543ee38c192065986cf

PODFILE CHECKSUM: 203d88b683a70b4194043435db82838ed9bd9257

COCOAPODS: 1.16.2
